
Microsoft Visual Studio Solution File, Format Version 12.00
# Visual Studio Version 16
VisualStudioVersion = 16.0.29123.88
MinimumVisualStudioVersion = 10.0.40219.1
Project("{FAE04EC0-301F-11D3-BF4B-00C04F79EFBC}") = "WebApplication1", "WebApplication1.csproj", "{AFA56C65-1FA1-4A56-8965-A7DD9F2C4782}"
EndProject
Global
	GlobalSection(SolutionConfigurationPlatforms) = preSolution
		Debug|Any CPU = Debug|Any CPU
		Release|Any CPU = Release|Any CPU
	EndGlobalSection
	GlobalSection(ProjectConfigurationPlatforms) = postSolution
		{AFA56C65-1FA1-4A56-8965-A7DD9F2C4782}.Debug|Any CPU.ActiveCfg = Debug|Any CPU
		{AFA56C65-1FA1-4A56-8965-A7DD9F2C4782}.Debug|Any CPU.Build.0 = Debug|Any CPU
		{AFA56C65-1FA1-4A56-8965-A7DD9F2C4782}.Release|Any CPU.ActiveCfg = Release|Any CPU
		{AFA56C65-1FA1-4A56-8965-A7DD9F2C4782}.Release|Any CPU.Build.0 = Release|Any CPU
	EndGlobalSection
	GlobalSection(SolutionProperties) = preSolution
		HideSolutionNode = FALSE
	EndGlobalSection
	GlobalSection(ExtensibilityGlobals) = postSolution
		SolutionGuid = {63C10D5C-9AA2-488A-AB56-E17DC64823F8}
	EndGlobalSection
EndGlobal
